
Microsoft Visual Studio Solution File, Format Version 12.00
# Visual Studio Version 16
VisualStudioVersion = 16.0.29409.12
MinimumVisualStudioVersion = 10.0.40219.1
Project("{9A19103F-16F7-4668-BE54-9A1E7A4F7556}") = "Trains.NET", "src\Trains.NET\Trains.NET.csproj", "{DED13C4D-3A94-4DC1-962D-208D1B5485BC}"
EndProject
Project("{9A19103F-16F7-4668-BE54-9A1E7A4F7556}") = "Trains.NET.Rendering", "src\Trains.NET.Rendering\Trains.NET.Rendering.csproj", "{A273B580-F4C2-49D7-A2D2-E1408A21D1CF}"
EndProject
Project("{9A19103F-16F7-4668-BE54-9A1E7A4F7556}") = "Trains.NET.Engine", "src\Trains.NET.Engine\Trains.NET.Engine.csproj", "{90155811-D4E5-4422-B120-7F0D419C5B12}"
EndProject
Project("{2150E333-8FDC-42A3-9474-1A3956D46DE8}") = "Build", "Build", "{88B2DB4E-E205-46E9-B94D-D6EA6AE7EC13}"
	ProjectSection(SolutionItems) = preProject
		.editorconfig = .editorconfig
		.github\workflows\dotnetcore.yml = .github\workflows\dotnetcore.yml
		build\Packages.targets = build\Packages.targets
		.github\workflows\pr-build.yml = .github\workflows\pr-build.yml
	EndProjectSection
EndProject
Project("{9A19103F-16F7-4668-BE54-9A1E7A4F7556}") = "Trains.NET.Tests", "src\Trains.NET.Tests\Trains.NET.Tests.csproj", "{1B378333-3177-4C1E-8ACF-4C4EAD9953BE}"
EndProject
Project("{9A19103F-16F7-4668-BE54-9A1E7A4F7556}") = "Trains.NET.Comet.WPF", "src\Trains.NET.Comet.WPF\Trains.NET.Comet.WPF.csproj", "{59F0D84B-120C-458E-BF4C-5B263C459B46}"
EndProject
Project("{9A19103F-16F7-4668-BE54-9A1E7A4F7556}") = "Trains.NET.Comet", "src\Trains.NET.Comet\Trains.NET.Comet.csproj", "{7D6FD806-FA55-47AE-9D90-6F03C920FC1B}"
EndProject
Project("{2150E333-8FDC-42A3-9474-1A3956D46DE8}") = "Comet UI", "Comet UI", "{77E57704-D3D8-4228-A195-1F90FD62539A}"
EndProject
Project("{2150E333-8FDC-42A3-9474-1A3956D46DE8}") = "Winforms", "Winforms", "{D009175E-117E-402F-9AEB-9680B67E9C45}"
EndProject
Project("{2150E333-8FDC-42A3-9474-1A3956D46DE8}") = "Tests", "Tests", "{D3160FEF-1D7C-418F-AC54-710EED3B1143}"
EndProject
Project("{2150E333-8FDC-42A3-9474-1A3956D46DE8}") = "Game", "Game", "{1BB744EF-DB08-4EAD-AD96-EA4742A198C6}"
EndProject
Global
	GlobalSection(SolutionConfigurationPlatforms) = preSolution
		Debug|Any CPU = Debug|Any CPU
		Release|Any CPU = Release|Any CPU
	EndGlobalSection
	GlobalSection(ProjectConfigurationPlatforms) = postSolution
		{DED13C4D-3A94-4DC1-962D-208D1B5485BC}.Debug|Any CPU.ActiveCfg = Debug|Any CPU
		{DED13C4D-3A94-4DC1-962D-208D1B5485BC}.Debug|Any CPU.Build.0 = Debug|Any CPU
		{DED13C4D-3A94-4DC1-962D-208D1B5485BC}.Release|Any CPU.ActiveCfg = Release|Any CPU
		{DED13C4D-3A94-4DC1-962D-208D1B5485BC}.Release|Any CPU.Build.0 = Release|Any CPU
		{A273B580-F4C2-49D7-A2D2-E1408A21D1CF}.Debug|Any CPU.ActiveCfg = Debug|Any CPU
		{A273B580-F4C2-49D7-A2D2-E1408A21D1CF}.Debug|Any CPU.Build.0 = Debug|Any CPU
		{A273B580-F4C2-49D7-A2D2-E1408A21D1CF}.Release|Any CPU.ActiveCfg = Release|Any CPU
		{A273B580-F4C2-49D7-A2D2-E1408A21D1CF}.Release|Any CPU.Build.0 = Release|Any CPU
		{90155811-D4E5-4422-B120-7F0D419C5B12}.Debug|Any CPU.ActiveCfg = Debug|Any CPU
		{90155811-D4E5-4422-B120-7F0D419C5B12}.Debug|Any CPU.Build.0 = Debug|Any CPU
		{90155811-D4E5-4422-B120-7F0D419C5B12}.Release|Any CPU.ActiveCfg = Release|Any CPU
		{90155811-D4E5-4422-B120-7F0D419C5B12}.Release|Any CPU.Build.0 = Release|Any CPU
		{1B378333-3177-4C1E-8ACF-4C4EAD9953BE}.Debug|Any CPU.ActiveCfg = Debug|Any CPU
		{1B378333-3177-4C1E-8ACF-4C4EAD9953BE}.Debug|Any CPU.Build.0 = Debug|Any CPU
		{1B378333-3177-4C1E-8ACF-4C4EAD9953BE}.Release|Any CPU.ActiveCfg = Release|Any CPU
		{1B378333-3177-4C1E-8ACF-4C4EAD9953BE}.Release|Any CPU.Build.0 = Release|Any CPU
		{59F0D84B-120C-458E-BF4C-5B263C459B46}.Debug|Any CPU.ActiveCfg = Debug|Any CPU
		{59F0D84B-120C-458E-BF4C-5B263C459B46}.Debug|Any CPU.Build.0 = Debug|Any CPU
		{59F0D84B-120C-458E-BF4C-5B263C459B46}.Release|Any CPU.ActiveCfg = Release|Any CPU
		{59F0D84B-120C-458E-BF4C-5B263C459B46}.Release|Any CPU.Build.0 = Release|Any CPU
		{7D6FD806-FA55-47AE-9D90-6F03C920FC1B}.Debug|Any CPU.ActiveCfg = Debug|Any CPU
		{7D6FD806-FA55-47AE-9D90-6F03C920FC1B}.Debug|Any CPU.Build.0 = Debug|Any CPU
		{7D6FD806-FA55-47AE-9D90-6F03C920FC1B}.Release|Any CPU.ActiveCfg = Release|Any CPU
		{7D6FD806-FA55-47AE-9D90-6F03C920FC1B}.Release|Any CPU.Build.0 = Release|Any CPU
	EndGlobalSection
	GlobalSection(SolutionProperties) = preSolution
		HideSolutionNode = FALSE
	EndGlobalSection
	GlobalSection(NestedProjects) = preSolution
		{DED13C4D-3A94-4DC1-962D-208D1B5485BC} = {D009175E-117E-402F-9AEB-9680B67E9C45}
		{A273B580-F4C2-49D7-A2D2-E1408A21D1CF} = {1BB744EF-DB08-4EAD-AD96-EA4742A198C6}
		{90155811-D4E5-4422-B120-7F0D419C5B12} = {1BB744EF-DB08-4EAD-AD96-EA4742A198C6}
		{1B378333-3177-4C1E-8ACF-4C4EAD9953BE} = {D3160FEF-1D7C-418F-AC54-710EED3B1143}
		{59F0D84B-120C-458E-BF4C-5B263C459B46} = {77E57704-D3D8-4228-A195-1F90FD62539A}
		{7D6FD806-FA55-47AE-9D90-6F03C920FC1B} = {77E57704-D3D8-4228-A195-1F90FD62539A}
	EndGlobalSection
	GlobalSection(ExtensibilityGlobals) = postSolution
		SolutionGuid = {8834C621-39E4-4AD6-85D0-97F46ADC88D6}
	EndGlobalSection
EndGlobal
