
Microsoft Visual Studio Solution File, Format Version 12.00
# Visual Studio Version 16
VisualStudioVersion = 16.0.29409.12
MinimumVisualStudioVersion = 10.0.40219.1
Project("{2150E333-8FDC-42A3-9474-1A3956D46DE8}") = "UI", "UI", "{77E57704-D3D8-4228-A195-1F90FD62539A}"
EndProject
Project("{9A19103F-16F7-4668-BE54-9A1E7A4F7556}") = "Trains", "src\Trains\Trains.csproj", "{59F0D84B-120C-458E-BF4C-5B263C459B46}"
EndProject
Project("{9A19103F-16F7-4668-BE54-9A1E7A4F7556}") = "Trains.NET.Rendering", "src\Trains.NET.Rendering\Trains.NET.Rendering.csproj", "{A273B580-F4C2-49D7-A2D2-E1408A21D1CF}"
EndProject
Project("{9A19103F-16F7-4668-BE54-9A1E7A4F7556}") = "Trains.NET.Engine", "src\Trains.NET.Engine\Trains.NET.Engine.csproj", "{90155811-D4E5-4422-B120-7F0D419C5B12}"
EndProject
Project("{2150E333-8FDC-42A3-9474-1A3956D46DE8}") = "Build", "Build", "{88B2DB4E-E205-46E9-B94D-D6EA6AE7EC13}"
	ProjectSection(SolutionItems) = preProject
		.editorconfig = .editorconfig
		src\.editorconfig = src\.editorconfig
		.github\workflows\dotnetcore.yml = .github\workflows\dotnetcore.yml
		build\Packages.targets = build\Packages.targets
		.github\workflows\pr-build.yml = .github\workflows\pr-build.yml
	EndProjectSection
EndProject
Project("{9A19103F-16F7-4668-BE54-9A1E7A4F7556}") = "Trains.NET.Tests", "tests\Trains.NET.Tests\Trains.NET.Tests.csproj", "{1B378333-3177-4C1E-8ACF-4C4EAD9953BE}"
EndProject
Project("{9A19103F-16F7-4668-BE54-9A1E7A4F7556}") = "Trains.NET.Comet", "src\Trains.NET.Comet\Trains.NET.Comet.csproj", "{7D6FD806-FA55-47AE-9D90-6F03C920FC1B}"
EndProject
Project("{2150E333-8FDC-42A3-9474-1A3956D46DE8}") = "Tests", "Tests", "{D3160FEF-1D7C-418F-AC54-710EED3B1143}"
EndProject
Project("{2150E333-8FDC-42A3-9474-1A3956D46DE8}") = "Game", "Game", "{1BB744EF-DB08-4EAD-AD96-EA4742A198C6}"
EndProject
Project("{9A19103F-16F7-4668-BE54-9A1E7A4F7556}") = "Trains.NET.Rendering.Skia", "src\Trains.NET.Rendering.Skia\Trains.NET.Rendering.Skia.csproj", "{C9AE2974-C1AC-4D04-9DEB-A0C77D1FF1A0}"
EndProject
Project("{9A19103F-16F7-4668-BE54-9A1E7A4F7556}") = "Trains.NET.Instrumentation", "src\Trains.NET.Instrumentation\Trains.NET.Instrumentation.csproj", "{E7FE632B-2E2A-437D-B674-0507C80B4155}"
EndProject
Project("{2150E333-8FDC-42A3-9474-1A3956D46DE8}") = "Comet", "Comet", "{EF7A1947-1852-4F43-980B-F76996F83008}"
EndProject
Project("{9A19103F-16F7-4668-BE54-9A1E7A4F7556}") = "Comet", "comet\src\Comet\Comet.csproj", "{80BC6662-B1CE-4FD4-A566-F79A7856A409}"
EndProject
Project("{9A19103F-16F7-4668-BE54-9A1E7A4F7556}") = "Comet.WPF", "comet\src\Comet.WPF\Comet.WPF.csproj", "{F8BA5DE0-AEC0-4423-B036-5F9157E939D0}"
EndProject
Project("{9A19103F-16F7-4668-BE54-9A1E7A4F7556}") = "Comet.Skia", "comet\src\Comet.Skia\Comet.Skia.csproj", "{7F6DDA88-4D7A-4FB7-966A-C94D361F4C3C}"
EndProject
Project("{9A19103F-16F7-4668-BE54-9A1E7A4F7556}") = "Comet.Skia.WPF", "comet\src\Comet.Skia.WPF\Comet.Skia.WPF.csproj", "{E7FA15FC-418F-4FFE-9DC1-CF68AFA860AA}"
EndProject
Project("{9A19103F-16F7-4668-BE54-9A1E7A4F7556}") = "Trains.NET.PerformanceTests", "tests\Trains.NET.PerformanceTests\Trains.NET.PerformanceTests.csproj", "{0ADF414E-E089-4EBC-A8D8-CA556F713432}"
EndProject
Project("{2150E333-8FDC-42A3-9474-1A3956D46DE8}") = "Utilities", "Utilities", "{6D7A257F-24F9-43A2-870A-14DFCA32DDD2}"
EndProject
Project("{9A19103F-16F7-4668-BE54-9A1E7A4F7556}") = "Trains.Emoji", "src\Trains.Emoji\Trains.Emoji.csproj", "{4CE3ABF2-7F52-4F12-A007-CF49BED214AC}"
EndProject
Global
	GlobalSection(SolutionConfigurationPlatforms) = preSolution
		Debug|Any CPU = Debug|Any CPU
		Release|Any CPU = Release|Any CPU
	EndGlobalSection
	GlobalSection(ProjectConfigurationPlatforms) = postSolution
		{59F0D84B-120C-458E-BF4C-5B263C459B46}.Debug|Any CPU.ActiveCfg = Debug|Any CPU
		{59F0D84B-120C-458E-BF4C-5B263C459B46}.Debug|Any CPU.Build.0 = Debug|Any CPU
		{59F0D84B-120C-458E-BF4C-5B263C459B46}.Release|Any CPU.ActiveCfg = Release|Any CPU
		{59F0D84B-120C-458E-BF4C-5B263C459B46}.Release|Any CPU.Build.0 = Release|Any CPU
		{A273B580-F4C2-49D7-A2D2-E1408A21D1CF}.Debug|Any CPU.ActiveCfg = Debug|Any CPU
		{A273B580-F4C2-49D7-A2D2-E1408A21D1CF}.Debug|Any CPU.Build.0 = Debug|Any CPU
		{A273B580-F4C2-49D7-A2D2-E1408A21D1CF}.Release|Any CPU.ActiveCfg = Release|Any CPU
		{A273B580-F4C2-49D7-A2D2-E1408A21D1CF}.Release|Any CPU.Build.0 = Release|Any CPU
		{90155811-D4E5-4422-B120-7F0D419C5B12}.Debug|Any CPU.ActiveCfg = Debug|Any CPU
		{90155811-D4E5-4422-B120-7F0D419C5B12}.Debug|Any CPU.Build.0 = Debug|Any CPU
		{90155811-D4E5-4422-B120-7F0D419C5B12}.Release|Any CPU.ActiveCfg = Release|Any CPU
		{90155811-D4E5-4422-B120-7F0D419C5B12}.Release|Any CPU.Build.0 = Release|Any CPU
		{1B378333-3177-4C1E-8ACF-4C4EAD9953BE}.Debug|Any CPU.ActiveCfg = Debug|Any CPU
		{1B378333-3177-4C1E-8ACF-4C4EAD9953BE}.Debug|Any CPU.Build.0 = Debug|Any CPU
		{1B378333-3177-4C1E-8ACF-4C4EAD9953BE}.Release|Any CPU.ActiveCfg = Release|Any CPU
		{1B378333-3177-4C1E-8ACF-4C4EAD9953BE}.Release|Any CPU.Build.0 = Release|Any CPU
		{7D6FD806-FA55-47AE-9D90-6F03C920FC1B}.Debug|Any CPU.ActiveCfg = Debug|Any CPU
		{7D6FD806-FA55-47AE-9D90-6F03C920FC1B}.Debug|Any CPU.Build.0 = Debug|Any CPU
		{7D6FD806-FA55-47AE-9D90-6F03C920FC1B}.Release|Any CPU.ActiveCfg = Release|Any CPU
		{7D6FD806-FA55-47AE-9D90-6F03C920FC1B}.Release|Any CPU.Build.0 = Release|Any CPU
		{C9AE2974-C1AC-4D04-9DEB-A0C77D1FF1A0}.Debug|Any CPU.ActiveCfg = Debug|Any CPU
		{C9AE2974-C1AC-4D04-9DEB-A0C77D1FF1A0}.Debug|Any CPU.Build.0 = Debug|Any CPU
		{C9AE2974-C1AC-4D04-9DEB-A0C77D1FF1A0}.Release|Any CPU.ActiveCfg = Release|Any CPU
		{C9AE2974-C1AC-4D04-9DEB-A0C77D1FF1A0}.Release|Any CPU.Build.0 = Release|Any CPU
		{E7FE632B-2E2A-437D-B674-0507C80B4155}.Debug|Any CPU.ActiveCfg = Debug|Any CPU
		{E7FE632B-2E2A-437D-B674-0507C80B4155}.Debug|Any CPU.Build.0 = Debug|Any CPU
		{E7FE632B-2E2A-437D-B674-0507C80B4155}.Release|Any CPU.ActiveCfg = Release|Any CPU
		{E7FE632B-2E2A-437D-B674-0507C80B4155}.Release|Any CPU.Build.0 = Release|Any CPU
		{80BC6662-B1CE-4FD4-A566-F79A7856A409}.Debug|Any CPU.ActiveCfg = Debug|Any CPU
		{80BC6662-B1CE-4FD4-A566-F79A7856A409}.Debug|Any CPU.Build.0 = Debug|Any CPU
		{80BC6662-B1CE-4FD4-A566-F79A7856A409}.Release|Any CPU.ActiveCfg = Release|Any CPU
		{80BC6662-B1CE-4FD4-A566-F79A7856A409}.Release|Any CPU.Build.0 = Release|Any CPU
		{F8BA5DE0-AEC0-4423-B036-5F9157E939D0}.Debug|Any CPU.ActiveCfg = Debug|Any CPU
		{F8BA5DE0-AEC0-4423-B036-5F9157E939D0}.Debug|Any CPU.Build.0 = Debug|Any CPU
		{F8BA5DE0-AEC0-4423-B036-5F9157E939D0}.Release|Any CPU.ActiveCfg = Release|Any CPU
		{F8BA5DE0-AEC0-4423-B036-5F9157E939D0}.Release|Any CPU.Build.0 = Release|Any CPU
		{7F6DDA88-4D7A-4FB7-966A-C94D361F4C3C}.Debug|Any CPU.ActiveCfg = Debug|Any CPU
		{7F6DDA88-4D7A-4FB7-966A-C94D361F4C3C}.Debug|Any CPU.Build.0 = Debug|Any CPU
		{7F6DDA88-4D7A-4FB7-966A-C94D361F4C3C}.Release|Any CPU.ActiveCfg = Release|Any CPU
		{7F6DDA88-4D7A-4FB7-966A-C94D361F4C3C}.Release|Any CPU.Build.0 = Release|Any CPU
		{E7FA15FC-418F-4FFE-9DC1-CF68AFA860AA}.Debug|Any CPU.ActiveCfg = Debug|Any CPU
		{E7FA15FC-418F-4FFE-9DC1-CF68AFA860AA}.Debug|Any CPU.Build.0 = Debug|Any CPU
		{E7FA15FC-418F-4FFE-9DC1-CF68AFA860AA}.Release|Any CPU.ActiveCfg = Release|Any CPU
		{E7FA15FC-418F-4FFE-9DC1-CF68AFA860AA}.Release|Any CPU.Build.0 = Release|Any CPU
		{0ADF414E-E089-4EBC-A8D8-CA556F713432}.Debug|Any CPU.ActiveCfg = Debug|Any CPU
		{0ADF414E-E089-4EBC-A8D8-CA556F713432}.Debug|Any CPU.Build.0 = Debug|Any CPU
		{0ADF414E-E089-4EBC-A8D8-CA556F713432}.Release|Any CPU.ActiveCfg = Release|Any CPU
		{0ADF414E-E089-4EBC-A8D8-CA556F713432}.Release|Any CPU.Build.0 = Release|Any CPU
		{4CE3ABF2-7F52-4F12-A007-CF49BED214AC}.Debug|Any CPU.ActiveCfg = Debug|Any CPU
		{4CE3ABF2-7F52-4F12-A007-CF49BED214AC}.Debug|Any CPU.Build.0 = Debug|Any CPU
		{4CE3ABF2-7F52-4F12-A007-CF49BED214AC}.Release|Any CPU.ActiveCfg = Release|Any CPU
		{4CE3ABF2-7F52-4F12-A007-CF49BED214AC}.Release|Any CPU.Build.0 = Release|Any CPU
	EndGlobalSection
	GlobalSection(SolutionProperties) = preSolution
		HideSolutionNode = FALSE
	EndGlobalSection
	GlobalSection(NestedProjects) = preSolution
		{59F0D84B-120C-458E-BF4C-5B263C459B46} = {77E57704-D3D8-4228-A195-1F90FD62539A}
		{A273B580-F4C2-49D7-A2D2-E1408A21D1CF} = {1BB744EF-DB08-4EAD-AD96-EA4742A198C6}
		{90155811-D4E5-4422-B120-7F0D419C5B12} = {1BB744EF-DB08-4EAD-AD96-EA4742A198C6}
		{1B378333-3177-4C1E-8ACF-4C4EAD9953BE} = {D3160FEF-1D7C-418F-AC54-710EED3B1143}
		{7D6FD806-FA55-47AE-9D90-6F03C920FC1B} = {77E57704-D3D8-4228-A195-1F90FD62539A}
		{C9AE2974-C1AC-4D04-9DEB-A0C77D1FF1A0} = {1BB744EF-DB08-4EAD-AD96-EA4742A198C6}
		{E7FE632B-2E2A-437D-B674-0507C80B4155} = {1BB744EF-DB08-4EAD-AD96-EA4742A198C6}
		{80BC6662-B1CE-4FD4-A566-F79A7856A409} = {EF7A1947-1852-4F43-980B-F76996F83008}
		{F8BA5DE0-AEC0-4423-B036-5F9157E939D0} = {EF7A1947-1852-4F43-980B-F76996F83008}
		{7F6DDA88-4D7A-4FB7-966A-C94D361F4C3C} = {EF7A1947-1852-4F43-980B-F76996F83008}
		{E7FA15FC-418F-4FFE-9DC1-CF68AFA860AA} = {EF7A1947-1852-4F43-980B-F76996F83008}
		{0ADF414E-E089-4EBC-A8D8-CA556F713432} = {D3160FEF-1D7C-418F-AC54-710EED3B1143}
		{4CE3ABF2-7F52-4F12-A007-CF49BED214AC} = {6D7A257F-24F9-43A2-870A-14DFCA32DDD2}
	EndGlobalSection
	GlobalSection(ExtensibilityGlobals) = postSolution
		SolutionGuid = {8834C621-39E4-4AD6-85D0-97F46ADC88D6}
	EndGlobalSection
EndGlobal
